
Microsoft Visual Studio Solution File, Format Version 12.00
# Visual Studio Version 17
VisualStudioVersion = 17.10.35122.118
MinimumVisualStudioVersion = 10.0.40219.1
Project("{FAE04EC0-301F-11D3-BF4B-00C04F79EFBC}") = "ST10397329CLDV", "ST10397329CLDV.csproj", "{8F8F5923-35F0-4807-8F56-30D79B49D8CD}"
EndProject
Global
	GlobalSection(SolutionConfigurationPlatforms) = preSolution
		Debug|Any CPU = Debug|Any CPU
		Release|Any CPU = Release|Any CPU
	EndGlobalSection
	GlobalSection(ProjectConfigurationPlatforms) = postSolution
		{8F8F5923-35F0-4807-8F56-30D79B49D8CD}.Debug|Any CPU.ActiveCfg = Debug|Any CPU
		{8F8F5923-35F0-4807-8F56-30D79B49D8CD}.Debug|Any CPU.Build.0 = Debug|Any CPU
		{8F8F5923-35F0-4807-8F56-30D79B49D8CD}.Release|Any CPU.ActiveCfg = Release|Any CPU
		{8F8F5923-35F0-4807-8F56-30D79B49D8CD}.Release|Any CPU.Build.0 = Release|Any CPU
	EndGlobalSection
	GlobalSection(SolutionProperties) = preSolution
		HideSolutionNode = FALSE
	EndGlobalSection
	GlobalSection(ExtensibilityGlobals) = postSolution
		SolutionGuid = {CD5C499A-8FA2-4548-B613-BB0D900398DD}
	EndGlobalSection
EndGlobal
